// !$*UTF8*$!
{
	archiveVersion = 1;
	classes = {
	};
	objectVersion = 50;
	objects = {

/* Begin PBXBuildFile section */
		3741B73625D7B0A4009B33D4 /* SwiftUI_LayoutApp.swift in Sources */ = {isa = PBXBuildFile; fileRef = 3741B73525D7B0A4009B33D4 /* SwiftUI_LayoutApp.swift */; };
		3741B73825D7B0A4009B33D4 /* ContentView.swift in Sources */ = {isa = PBXBuildFile; fileRef = 3741B73725D7B0A4009B33D4 /* ContentView.swift */; };
		3741B73A25D7B0A7009B33D4 /* Assets.xcassets in Resources */ = {isa = PBXBuildFile; fileRef = 3741B73925D7B0A7009B33D4 /* Assets.xcassets */; };
		3741B73D25D7B0A7009B33D4 /* Preview Assets.xcassets in Resources */ = {isa = PBXBuildFile; fileRef = 3741B73C25D7B0A7009B33D4 /* Preview Assets.xcassets */; };
		3741B74B25D7B4BB009B33D4 /* CharacterView.swift in Sources */ = {isa = PBXBuildFile; fileRef = 3741B74A25D7B4BB009B33D4 /* CharacterView.swift */; };
		3741B74F25D7B5D2009B33D4 /* SidebarItemView.swift in Sources */ = {isa = PBXBuildFile; fileRef = 3741B74E25D7B5D2009B33D4 /* SidebarItemView.swift */; };
		3741B75325D7B667009B33D4 /* SidebarSectionView.swift in Sources */ = {isa = PBXBuildFile; fileRef = 3741B75225D7B667009B33D4 /* SidebarSectionView.swift */; };
		3741B75925D815CC009B33D4 /* Character.swift in Sources */ = {isa = PBXBuildFile; fileRef = 3741B75825D815CC009B33D4 /* Character.swift */; };
		3741B75C25D8160B009B33D4 /* CharacterGroup.swift in Sources */ = {isa = PBXBuildFile; fileRef = 3741B75B25D8160B009B33D4 /* CharacterGroup.swift */; };
		3741B75F25D81632009B33D4 /* Repository.swift in Sources */ = {isa = PBXBuildFile; fileRef = 3741B75E25D81632009B33D4 /* Repository.swift */; };
		3753D5F825D8183000F36FD9 /* Toolbar.swift in Sources */ = {isa = PBXBuildFile; fileRef = 3753D5F725D8183000F36FD9 /* Toolbar.swift */; };
		3753D5FD25D819C600F36FD9 /* NoCharacterSelectedView.swift in Sources */ = {isa = PBXBuildFile; fileRef = 3753D5FC25D819C600F36FD9 /* NoCharacterSelectedView.swift */; };
/* End PBXBuildFile section */

/* Begin PBXFileReference section */
		3741B73225D7B0A4009B33D4 /* SwiftUI-Layout.app */ = {isa = PBXFileReference; explicitFileType = wrapper.application; includeInIndex = 0; path = "SwiftUI-Layout.app"; sourceTree = BUILT_PRODUCTS_DIR; };
		3741B73525D7B0A4009B33D4 /* SwiftUI_LayoutApp.swift */ = {isa = PBXFileReference; lastKnownFileType = sourcecode.swift; path = SwiftUI_LayoutApp.swift; sourceTree = "<group>"; };
		3741B73725D7B0A4009B33D4 /* ContentView.swift */ = {isa = PBXFileReference; lastKnownFileType = sourcecode.swift; path = ContentView.swift; sourceTree = "<group>"; };
		3741B73925D7B0A7009B33D4 /* Assets.xcassets */ = {isa = PBXFileReference; lastKnownFileType = folder.assetcatalog; path = Assets.xcassets; sourceTree = "<group>"; };
		3741B73C25D7B0A7009B33D4 /* Preview Assets.xcassets */ = {isa = PBXFileReference; lastKnownFileType = folder.assetcatalog; path = "Preview Assets.xcassets"; sourceTree = "<group>"; };
		3741B73E25D7B0A7009B33D4 /* Info.plist */ = {isa = PBXFileReference; lastKnownFileType = text.plist.xml; path = Info.plist; sourceTree = "<group>"; };
		3741B73F25D7B0A7009B33D4 /* SwiftUI_Layout.entitlements */ = {isa = PBXFileReference; lastKnownFileType = text.plist.entitlements; path = SwiftUI_Layout.entitlements; sourceTree = "<group>"; };
		3741B74A25D7B4BB009B33D4 /* CharacterView.swift */ = {isa = PBXFileReference; lastKnownFileType = sourcecode.swift; path = CharacterView.swift; sourceTree = "<group>"; };
		3741B74E25D7B5D2009B33D4 /* SidebarItemView.swift */ = {isa = PBXFileReference; lastKnownFileType = sourcecode.swift; path = SidebarItemView.swift; sourceTree = "<group>"; };
		3741B75225D7B667009B33D4 /* SidebarSectionView.swift */ = {isa = PBXFileReference; lastKnownFileType = sourcecode.swift; path = SidebarSectionView.swift; sourceTree = "<group>"; };
		3741B75825D815CC009B33D4 /* Character.swift */ = {isa = PBXFileReference; lastKnownFileType = sourcecode.swift; path = Character.swift; sourceTree = "<group>"; };
		3741B75B25D8160B009B33D4 /* CharacterGroup.swift */ = {isa = PBXFileReference; lastKnownFileType = sourcecode.swift; path = CharacterGroup.swift; sourceTree = "<group>"; };
		3741B75E25D81632009B33D4 /* Repository.swift */ = {isa = PBXFileReference; lastKnownFileType = sourcecode.swift; path = Repository.swift; sourceTree = "<group>"; };
		3753D5F725D8183000F36FD9 /* Toolbar.swift */ = {isa = PBXFileReference; lastKnownFileType = sourcecode.swift; path = Toolbar.swift; sourceTree = "<group>"; };
		3753D5FC25D819C600F36FD9 /* NoCharacterSelectedView.swift */ = {isa = PBXFileReference; lastKnownFileType = sourcecode.swift; path = NoCharacterSelectedView.swift; sourceTree = "<group>"; };
/* End PBXFileReference section */

/* Begin PBXFrameworksBuildPhase section */
		3741B72F25D7B0A4009B33D4 /* Frameworks */ = {
			isa = PBXFrameworksBuildPhase;
			buildActionMask = 2147483647;
			files = (
			);
			runOnlyForDeploymentPostprocessing = 0;
		};
/* End PBXFrameworksBuildPhase section */

/* Begin PBXGroup section */
		3741B72925D7B0A4009B33D4 = {
			isa = PBXGroup;
			children = (
				3741B73425D7B0A4009B33D4 /* SwiftUI-Layout */,
				3741B73325D7B0A4009B33D4 /* Products */,
			);
			sourceTree = "<group>";
		};
		3741B73325D7B0A4009B33D4 /* Products */ = {
			isa = PBXGroup;
			children = (
				3741B73225D7B0A4009B33D4 /* SwiftUI-Layout.app */,
			);
			name = Products;
			sourceTree = "<group>";
		};
		3741B73425D7B0A4009B33D4 /* SwiftUI-Layout */ = {
			isa = PBXGroup;
			children = (
				3741B75725D81554009B33D4 /* View */,
				3741B75625D81546009B33D4 /* Model */,
				3741B73525D7B0A4009B33D4 /* SwiftUI_LayoutApp.swift */,
				3741B73925D7B0A7009B33D4 /* Assets.xcassets */,
				3741B73E25D7B0A7009B33D4 /* Info.plist */,
				3741B73F25D7B0A7009B33D4 /* SwiftUI_Layout.entitlements */,
				3741B73B25D7B0A7009B33D4 /* Preview Content */,
			);
			path = "SwiftUI-Layout";
			sourceTree = "<group>";
		};
		3741B73B25D7B0A7009B33D4 /* Preview Content */ = {
			isa = PBXGroup;
			children = (
				3741B73C25D7B0A7009B33D4 /* Preview Assets.xcassets */,
			);
			path = "Preview Content";
			sourceTree = "<group>";
		};
		3741B75625D81546009B33D4 /* Model */ = {
			isa = PBXGroup;
			children = (
				3741B75825D815CC009B33D4 /* Character.swift */,
				3741B75B25D8160B009B33D4 /* CharacterGroup.swift */,
				3741B75E25D81632009B33D4 /* Repository.swift */,
			);
			path = Model;
			sourceTree = "<group>";
		};
		3741B75725D81554009B33D4 /* View */ = {
			isa = PBXGroup;
			children = (
				3753D5FA25D8197500F36FD9 /* CharacterDetail */,
				3741B76125D81749009B33D4 /* Sidebar */,
				3741B73725D7B0A4009B33D4 /* ContentView.swift */,
				3753D5F725D8183000F36FD9 /* Toolbar.swift */,
			);
			path = View;
			sourceTree = "<group>";
		};
		3741B76125D81749009B33D4 /* Sidebar */ = {
			isa = PBXGroup;
			children = (
				3741B75225D7B667009B33D4 /* SidebarSectionView.swift */,
				3741B74E25D7B5D2009B33D4 /* SidebarItemView.swift */,
			);
			path = Sidebar;
			sourceTree = "<group>";
		};
		3753D5FA25D8197500F36FD9 /* CharacterDetail */ = {
			isa = PBXGroup;
			children = (
				3741B74A25D7B4BB009B33D4 /* CharacterView.swift */,
				3753D5FC25D819C600F36FD9 /* NoCharacterSelectedView.swift */,
			);
			path = CharacterDetail;
			sourceTree = "<group>";
		};
/* End PBXGroup section */

/* Begin PBXNativeTarget section */
		3741B73125D7B0A4009B33D4 /* SwiftUI-Layout */ = {
			isa = PBXNativeTarget;
			buildConfigurationList = 3741B74225D7B0A7009B33D4 /* Build configuration list for PBXNativeTarget "SwiftUI-Layout" */;
			buildPhases = (
				3741B72E25D7B0A4009B33D4 /* Sources */,
				3741B72F25D7B0A4009B33D4 /* Frameworks */,
				3741B73025D7B0A4009B33D4 /* Resources */,
			);
			buildRules = (
			);
			dependencies = (
			);
			name = "SwiftUI-Layout";
			productName = "SwiftUI-Layout";
			productReference = 3741B73225D7B0A4009B33D4 /* SwiftUI-Layout.app */;
			productType = "com.apple.product-type.application";
		};
/* End PBXNativeTarget section */

/* Begin PBXProject section */
		3741B72A25D7B0A4009B33D4 /* Project object */ = {
			isa = PBXProject;
			attributes = {
				LastSwiftUpdateCheck = 1230;
				LastUpgradeCheck = 1230;
				TargetAttributes = {
					3741B73125D7B0A4009B33D4 = {
						CreatedOnToolsVersion = 12.3;
					};
				};
			};
			buildConfigurationList = 3741B72D25D7B0A4009B33D4 /* Build configuration list for PBXProject "SwiftUI-Layout" */;
			compatibilityVersion = "Xcode 9.3";
			developmentRegion = en;
			hasScannedForEncodings = 0;
			knownRegions = (
				en,
				Base,
			);
			mainGroup = 3741B72925D7B0A4009B33D4;
			productRefGroup = 3741B73325D7B0A4009B33D4 /* Products */;
			projectDirPath = "";
			projectRoot = "";
			targets = (
				3741B73125D7B0A4009B33D4 /* SwiftUI-Layout */,
			);
		};
/* End PBXProject section */

/* Begin PBXResourcesBuildPhase section */
		3741B73025D7B0A4009B33D4 /* Resources */ = {
			isa = PBXResourcesBuildPhase;
			buildActionMask = 2147483647;
			files = (
				3741B73D25D7B0A7009B33D4 /* Preview Assets.xcassets in Resources */,
				3741B73A25D7B0A7009B33D4 /* Assets.xcassets in Resources */,
			);
			runOnlyForDeploymentPostprocessing = 0;
		};
/* End PBXResourcesBuildPhase section */

/* Begin PBXSourcesBuildPhase section */
		3741B72E25D7B0A4009B33D4 /* Sources */ = {
			isa = PBXSourcesBuildPhase;
			buildActionMask = 2147483647;
			files = (
				3753D5F825D8183000F36FD9 /* Toolbar.swift in Sources */,
				3741B74F25D7B5D2009B33D4 /* SidebarItemView.swift in Sources */,
				3741B75C25D8160B009B33D4 /* CharacterGroup.swift in Sources */,
				3741B74B25D7B4BB009B33D4 /* CharacterView.swift in Sources */,
				3753D5FD25D819C600F36FD9 /* NoCharacterSelectedView.swift in Sources */,
				3741B75F25D81632009B33D4 /* Repository.swift in Sources */,
				3741B75325D7B667009B33D4 /* SidebarSectionView.swift in Sources */,
				3741B75925D815CC009B33D4 /* Character.swift in Sources */,
				3741B73825D7B0A4009B33D4 /* ContentView.swift in Sources */,
				3741B73625D7B0A4009B33D4 /* SwiftUI_LayoutApp.swift in Sources */,
			);
			runOnlyForDeploymentPostprocessing = 0;
		};
/* End PBXSourcesBuildPhase section */

/* Begin XCBuildConfiguration section */
		3741B74025D7B0A7009B33D4 /* Debug */ = {
			isa = XCBuildConfiguration;
			buildSettings = {
				ALWAYS_SEARCH_USER_PATHS = NO;
				CLANG_ANALYZER_NONNULL = YES;
				CLANG_ANALYZER_NUMBER_OBJECT_CONVERSION = YES_AGGRESSIVE;
				CLANG_CXX_LANGUAGE_STANDARD = "gnu++14";
				CLANG_CXX_LIBRARY = "libc++";
				CLANG_ENABLE_MODULES = YES;
				CLANG_ENABLE_OBJC_ARC = YES;
				CLANG_ENABLE_OBJC_WEAK = YES;
				CLANG_WARN_BLOCK_CAPTURE_AUTORELEASING = YES;
				CLANG_WARN_BOOL_CONVERSION = YES;
				CLANG_WARN_COMMA = YES;
				CLANG_WARN_CONSTANT_CONVERSION = YES;
				CLANG_WARN_DEPRECATED_OBJC_IMPLEMENTATIONS = YES;
				CLANG_WARN_DIRECT_OBJC_ISA_USAGE = YES_ERROR;
				CLANG_WARN_DOCUMENTATION_COMMENTS = YES;
				CLANG_WARN_EMPTY_BODY = YES;
				CLANG_WARN_ENUM_CONVERSION = YES;
				CLANG_WARN_INFINITE_RECURSION = YES;
				CLANG_WARN_INT_CONVERSION = YES;
				CLANG_WARN_NON_LITERAL_NULL_CONVERSION = YES;
				CLANG_WARN_OBJC_IMPLICIT_RETAIN_SELF = YES;
				CLANG_WARN_OBJC_LITERAL_CONVERSION = YES;
				CLANG_WARN_OBJC_ROOT_CLASS = YES_ERROR;
				CLANG_WARN_QUOTED_INCLUDE_IN_FRAMEWORK_HEADER = YES;
				CLANG_WARN_RANGE_LOOP_ANALYSIS = YES;
				CLANG_WARN_STRICT_PROTOTYPES = YES;
				CLANG_WARN_SUSPICIOUS_MOVE = YES;
				CLANG_WARN_UNGUARDED_AVAILABILITY = YES_AGGRESSIVE;
				CLANG_WARN_UNREACHABLE_CODE = YES;
				CLANG_WARN__DUPLICATE_METHOD_MATCH = YES;
				COPY_PHASE_STRIP = NO;
				DEBUG_INFORMATION_FORMAT = dwarf;
				ENABLE_STRICT_OBJC_MSGSEND = YES;
				ENABLE_TESTABILITY = YES;
				GCC_C_LANGUAGE_STANDARD = gnu11;
				GCC_DYNAMIC_NO_PIC = NO;
				GCC_NO_COMMON_BLOCKS = YES;
				GCC_OPTIMIZATION_LEVEL = 0;
				GCC_PREPROCESSOR_DEFINITIONS = (
					"DEBUG=1",
					"$(inherited)",
				);
				GCC_WARN_64_TO_32_BIT_CONVERSION = YES;
				GCC_WARN_ABOUT_RETURN_TYPE = YES_ERROR;
				GCC_WARN_UNDECLARED_SELECTOR = YES;
				GCC_WARN_UNINITIALIZED_AUTOS = YES_AGGRESSIVE;
				GCC_WARN_UNUSED_FUNCTION = YES;
				GCC_WARN_UNUSED_VARIABLE = YES;
				MACOSX_DEPLOYMENT_TARGET = 11.1;
				MTL_ENABLE_DEBUG_INFO = INCLUDE_SOURCE;
				MTL_FAST_MATH = YES;
				ONLY_ACTIVE_ARCH = YES;
				SDKROOT = macosx;
				SWIFT_ACTIVE_COMPILATION_CONDITIONS = DEBUG;
				SWIFT_OPTIMIZATION_LEVEL = "-Onone";
			};
			name = Debug;
		};
		3741B74125D7B0A7009B33D4 /* Release */ = {
			isa = XCBuildConfiguration;
			buildSettings = {
				ALWAYS_SEARCH_USER_PATHS = NO;
				CLANG_ANALYZER_NONNULL = YES;
				CLANG_ANALYZER_NUMBER_OBJECT_CONVERSION = YES_AGGRESSIVE;
				CLANG_CXX_LANGUAGE_STANDARD = "gnu++14";
				CLANG_CXX_LIBRARY = "libc++";
				CLANG_ENABLE_MODULES = YES;
				CLANG_ENABLE_OBJC_ARC = YES;
				CLANG_ENABLE_OBJC_WEAK = YES;
				CLANG_WARN_BLOCK_CAPTURE_AUTORELEASING = YES;
				CLANG_WARN_BOOL_CONVERSION = YES;
				CLANG_WARN_COMMA = YES;
				CLANG_WARN_CONSTANT_CONVERSION = YES;
				CLANG_WARN_DEPRECATED_OBJC_IMPLEMENTATIONS = YES;
				CLANG_WARN_DIRECT_OBJC_ISA_USAGE = YES_ERROR;
				CLANG_WARN_DOCUMENTATION_COMMENTS = YES;
				CLANG_WARN_EMPTY_BODY = YES;
				CLANG_WARN_ENUM_CONVERSION = YES;
				CLANG_WARN_INFINITE_RECURSION = YES;
				CLANG_WARN_INT_CONVERSION = YES;
				CLANG_WARN_NON_LITERAL_NULL_CONVERSION = YES;
				CLANG_WARN_OBJC_IMPLICIT_RETAIN_SELF = YES;
				CLANG_WARN_OBJC_LITERAL_CONVERSION = YES;
				CLANG_WARN_OBJC_ROOT_CLASS = YES_ERROR;
				CLANG_WARN_QUOTED_INCLUDE_IN_FRAMEWORK_HEADER = YES;
				CLANG_WARN_RANGE_LOOP_ANALYSIS = YES;
				CLANG_WARN_STRICT_PROTOTYPES = YES;
				CLANG_WARN_SUSPICIOUS_MOVE = YES;
				CLANG_WARN_UNGUARDED_AVAILABILITY = YES_AGGRESSIVE;
				CLANG_WARN_UNREACHABLE_CODE = YES;
				CLANG_WARN__DUPLICATE_METHOD_MATCH = YES;
				COPY_PHASE_STRIP = NO;
				DEBUG_INFORMATION_FORMAT = "dwarf-with-dsym";
				ENABLE_NS_ASSERTIONS = NO;
				ENABLE_STRICT_OBJC_MSGSEND = YES;
				GCC_C_LANGUAGE_STANDARD = gnu11;
				GCC_NO_COMMON_BLOCKS = YES;
				GCC_WARN_64_TO_32_BIT_CONVERSION = YES;
				GCC_WARN_ABOUT_RETURN_TYPE = YES_ERROR;
				GCC_WARN_UNDECLARED_SELECTOR = YES;
				GCC_WARN_UNINITIALIZED_AUTOS = YES_AGGRESSIVE;
				GCC_WARN_UNUSED_FUNCTION = YES;
				GCC_WARN_UNUSED_VARIABLE = YES;
				MACOSX_DEPLOYMENT_TARGET = 11.1;
				MTL_ENABLE_DEBUG_INFO = NO;
				MTL_FAST_MATH = YES;
				SDKROOT = macosx;
				SWIFT_COMPILATION_MODE = wholemodule;
				SWIFT_OPTIMIZATION_LEVEL = "-O";
			};
			name = Release;
		};
		3741B74325D7B0A7009B33D4 /* Debug */ = {
			isa = XCBuildConfiguration;
			buildSettings = {
				ASSETCATALOG_COMPILER_APPICON_NAME = AppIcon;
				ASSETCATALOG_COMPILER_GLOBAL_ACCENT_COLOR_NAME = AccentColor;
				CODE_SIGN_ENTITLEMENTS = "SwiftUI-Layout/SwiftUI_Layout.entitlements";
				CODE_SIGN_STYLE = Automatic;
				COMBINE_HIDPI_IMAGES = YES;
				DEVELOPMENT_ASSET_PATHS = "\"SwiftUI-Layout/Preview Content\"";
				DEVELOPMENT_TEAM = 86L8LRJ2PQ;
				ENABLE_HARDENED_RUNTIME = YES;
				ENABLE_PREVIEWS = YES;
				INFOPLIST_FILE = "SwiftUI-Layout/Info.plist";
				LD_RUNPATH_SEARCH_PATHS = (
					"$(inherited)",
					"@executable_path/../Frameworks",
				);
				MACOSX_DEPLOYMENT_TARGET = 11.0;
				PRODUCT_BUNDLE_IDENTIFIER = "com.waltin.SwiftUI-Layout";
				PRODUCT_NAME = "$(TARGET_NAME)";
				SWIFT_VERSION = 5.0;
			};
			name = Debug;
		};
		3741B74425D7B0A7009B33D4 /* Release */ = {
			isa = XCBuildConfiguration;
			buildSettings = {
				ASSETCATALOG_COMPILER_APPICON_NAME = AppIcon;
				ASSETCATALOG_COMPILER_GLOBAL_ACCENT_COLOR_NAME = AccentColor;
				CODE_SIGN_ENTITLEMENTS = "SwiftUI-Layout/SwiftUI_Layout.entitlements";
				CODE_SIGN_STYLE = Automatic;
				COMBINE_HIDPI_IMAGES = YES;
				DEVELOPMENT_ASSET_PATHS = "\"SwiftUI-Layout/Preview Content\"";
				DEVELOPMENT_TEAM = 86L8LRJ2PQ;
				ENABLE_HARDENED_RUNTIME = YES;
				ENABLE_PREVIEWS = YES;
				INFOPLIST_FILE = "SwiftUI-Layout/Info.plist";
				LD_RUNPATH_SEARCH_PATHS = (
					"$(inherited)",
					"@executable_path/../Frameworks",
				);
				MACOSX_DEPLOYMENT_TARGET = 11.0;
				PRODUCT_BUNDLE_IDENTIFIER = "com.waltin.SwiftUI-Layout";
				PRODUCT_NAME = "$(TARGET_NAME)";
				SWIFT_VERSION = 5.0;
			};
			name = Release;
		};
/* End XCBuildConfiguration section */

/* Begin XCConfigurationList section */
		3741B72D25D7B0A4009B33D4 /* Build configuration list for PBXProject "SwiftUI-Layout" */ = {
			isa = XCConfigurationList;
			buildConfigurations = (
				3741B74025D7B0A7009B33D4 /* Debug */,
				3741B74125D7B0A7009B33D4 /* Release */,
			);
			defaultConfigurationIsVisible = 0;
			defaultConfigurationName = Release;
		};
		3741B74225D7B0A7009B33D4 /* Build configuration list for PBXNativeTarget "SwiftUI-Layout" */ = {
			isa = XCConfigurationList;
			buildConfigurations = (
				3741B74325D7B0A7009B33D4 /* Debug */,
				3741B74425D7B0A7009B33D4 /* Release */,
			);
			defaultConfigurationIsVisible = 0;
			defaultConfigurationName = Release;
		};
/* End XCConfigurationList section */
	};
	rootObject = 3741B72A25D7B0A4009B33D4 /* Project object */;
}
